
Microsoft Visual Studio Solution File, Format Version 12.00
# Visual Studio Version 17
VisualStudioVersion = 17.9.34407.89
MinimumVisualStudioVersion = 10.0.40219.1
Project("{FAE04EC0-301F-11D3-BF4B-00C04F79EFBC}") = "HelloWorld", "HelloWorld\HelloWorld.csproj", "{24A774DF-AC1A-4534-8702-40DAC8FE3D1C}"
EndProject
Global
	GlobalSection(SolutionConfigurationPlatforms) = preSolution
		Debug|Any CPU = Debug|Any CPU
		Release|Any CPU = Release|Any CPU
	EndGlobalSection
	GlobalSection(ProjectConfigurationPlatforms) = postSolution
		{24A774DF-AC1A-4534-8702-40DAC8FE3D1C}.Debug|Any CPU.ActiveCfg = Debug|Any CPU
		{24A774DF-AC1A-4534-8702-40DAC8FE3D1C}.Debug|Any CPU.Build.0 = Debug|Any CPU
		{24A774DF-AC1A-4534-8702-40DAC8FE3D1C}.Release|Any CPU.ActiveCfg = Release|Any CPU
		{24A774DF-AC1A-4534-8702-40DAC8FE3D1C}.Release|Any CPU.Build.0 = Release|Any CPU
	EndGlobalSection
	GlobalSection(SolutionProperties) = preSolution
		HideSolutionNode = FALSE
	EndGlobalSection
	GlobalSection(ExtensibilityGlobals) = postSolution
		SolutionGuid = {4927EB3C-74B7-4B91-9911-0FF12AF45F45}
	EndGlobalSection
EndGlobal
